
Microsoft Visual Studio Solution File, Format Version 12.00
# Visual Studio Version 17
VisualStudioVersion = 17.4.33213.308
MinimumVisualStudioVersion = 10.0.40219.1
Project("{FAE04EC0-301F-11D3-BF4B-00C04F79EFBC}") = "supermarket_mene", "supermarket_mene\supermarket_mene.csproj", "{4A6C52D4-4FEB-48BB-9C4F-A9758DBE2E8E}"
EndProject
Global
	GlobalSection(SolutionConfigurationPlatforms) = preSolution
		Debug|Any CPU = Debug|Any CPU
		Release|Any CPU = Release|Any CPU
	EndGlobalSection
	GlobalSection(ProjectConfigurationPlatforms) = postSolution
		{4A6C52D4-4FEB-48BB-9C4F-A9758DBE2E8E}.Debug|Any CPU.ActiveCfg = Debug|Any CPU
		{4A6C52D4-4FEB-48BB-9C4F-A9758DBE2E8E}.Debug|Any CPU.Build.0 = Debug|Any CPU
		{4A6C52D4-4FEB-48BB-9C4F-A9758DBE2E8E}.Release|Any CPU.ActiveCfg = Release|Any CPU
		{4A6C52D4-4FEB-48BB-9C4F-A9758DBE2E8E}.Release|Any CPU.Build.0 = Release|Any CPU
	EndGlobalSection
	GlobalSection(SolutionProperties) = preSolution
		HideSolutionNode = FALSE
	EndGlobalSection
	GlobalSection(ExtensibilityGlobals) = postSolution
		SolutionGuid = {3D4EF1B7-AD26-4103-A38B-0523FB310035}
	EndGlobalSection
EndGlobal
